
Microsoft Visual Studio Solution File, Format Version 12.00
# Visual Studio Version 16
VisualStudioVersion = 16.0.30104.148
MinimumVisualStudioVersion = 10.0.40219.1
Project("{FAE04EC0-301F-11D3-BF4B-00C04F79EFBC}") = "纺织贸易管理系统", "纺织贸易管理系统\纺织贸易管理系统.csproj", "{300450D3-B7E2-439D-B62D-3B622AE4B641}"
EndProject
Project("{FAE04EC0-301F-11D3-BF4B-00C04F79EFBC}") = "DAL", "DAL\DAL.csproj", "{C6FEA1FD-75BF-488D-ACAB-30D77525700F}"
EndProject
Project("{FAE04EC0-301F-11D3-BF4B-00C04F79EFBC}") = "Model", "Model\Model.csproj", "{07A170DD-90C5-46C7-BCEE-C7A6363CAD5D}"
EndProject
Project("{FAE04EC0-301F-11D3-BF4B-00C04F79EFBC}") = "BLL", "BLL\BLL.csproj", "{59F481BF-0DE3-4FEC-9512-9FCBEB96F364}"
EndProject
Project("{FAE04EC0-301F-11D3-BF4B-00C04F79EFBC}") = "Tools", "Tools\Tools.csproj", "{2F2D638D-363B-4BF6-BB44-C206FDFC6E3C}"
EndProject
Project("{FAE04EC0-301F-11D3-BF4B-00C04F79EFBC}") = "SQLHelper", "..\..\多福纺织软件\多福纺织\SQLHelper\SQLHelper.csproj", "{2A851F7B-8772-408D-BFAA-FDAF5D25EAF0}"
EndProject
Project("{FAE04EC0-301F-11D3-BF4B-00C04F79EFBC}") = "Config", "Config\Config.csproj", "{1408AE00-244A-4505-9B5D-9FD0CAD1B07E}"
EndProject
Project("{FAE04EC0-301F-11D3-BF4B-00C04F79EFBC}") = "Update", "Update\Update.csproj", "{502F7539-1B25-4AC2-9346-C4755A73DF54}"
EndProject
Global
	GlobalSection(SolutionConfigurationPlatforms) = preSolution
		Debug|Any CPU = Debug|Any CPU
		Debug|x64 = Debug|x64
		Debug|x86 = Debug|x86
		Release|Any CPU = Release|Any CPU
		Release|x64 = Release|x64
		Release|x86 = Release|x86
	EndGlobalSection
	GlobalSection(ProjectConfigurationPlatforms) = postSolution
		{300450D3-B7E2-439D-B62D-3B622AE4B641}.Debug|Any CPU.ActiveCfg = Debug|Any CPU
		{300450D3-B7E2-439D-B62D-3B622AE4B641}.Debug|Any CPU.Build.0 = Debug|Any CPU
		{300450D3-B7E2-439D-B62D-3B622AE4B641}.Debug|x64.ActiveCfg = Debug|Any CPU
		{300450D3-B7E2-439D-B62D-3B622AE4B641}.Debug|x64.Build.0 = Debug|Any CPU
		{300450D3-B7E2-439D-B62D-3B622AE4B641}.Debug|x86.ActiveCfg = Debug|Any CPU
		{300450D3-B7E2-439D-B62D-3B622AE4B641}.Debug|x86.Build.0 = Debug|Any CPU
		{300450D3-B7E2-439D-B62D-3B622AE4B641}.Release|Any CPU.ActiveCfg = Release|Any CPU
		{300450D3-B7E2-439D-B62D-3B622AE4B641}.Release|Any CPU.Build.0 = Release|Any CPU
		{300450D3-B7E2-439D-B62D-3B622AE4B641}.Release|x64.ActiveCfg = Release|x64
		{300450D3-B7E2-439D-B62D-3B622AE4B641}.Release|x64.Build.0 = Release|x64
		{300450D3-B7E2-439D-B62D-3B622AE4B641}.Release|x86.ActiveCfg = Release|Any CPU
		{300450D3-B7E2-439D-B62D-3B622AE4B641}.Release|x86.Build.0 = Release|Any CPU
		{C6FEA1FD-75BF-488D-ACAB-30D77525700F}.Debug|Any CPU.ActiveCfg = Debug|Any CPU
		{C6FEA1FD-75BF-488D-ACAB-30D77525700F}.Debug|Any CPU.Build.0 = Debug|Any CPU
		{C6FEA1FD-75BF-488D-ACAB-30D77525700F}.Debug|x64.ActiveCfg = Debug|Any CPU
		{C6FEA1FD-75BF-488D-ACAB-30D77525700F}.Debug|x64.Build.0 = Debug|Any CPU
		{C6FEA1FD-75BF-488D-ACAB-30D77525700F}.Debug|x86.ActiveCfg = Debug|Any CPU
		{C6FEA1FD-75BF-488D-ACAB-30D77525700F}.Debug|x86.Build.0 = Debug|Any CPU
		{C6FEA1FD-75BF-488D-ACAB-30D77525700F}.Release|Any CPU.ActiveCfg = Release|Any CPU
		{C6FEA1FD-75BF-488D-ACAB-30D77525700F}.Release|Any CPU.Build.0 = Release|Any CPU
		{C6FEA1FD-75BF-488D-ACAB-30D77525700F}.Release|x64.ActiveCfg = Release|x64
		{C6FEA1FD-75BF-488D-ACAB-30D77525700F}.Release|x64.Build.0 = Release|x64
		{C6FEA1FD-75BF-488D-ACAB-30D77525700F}.Release|x86.ActiveCfg = Release|Any CPU
		{C6FEA1FD-75BF-488D-ACAB-30D77525700F}.Release|x86.Build.0 = Release|Any CPU
		{07A170DD-90C5-46C7-BCEE-C7A6363CAD5D}.Debug|Any CPU.ActiveCfg = Debug|Any CPU
		{07A170DD-90C5-46C7-BCEE-C7A6363CAD5D}.Debug|Any CPU.Build.0 = Debug|Any CPU
		{07A170DD-90C5-46C7-BCEE-C7A6363CAD5D}.Debug|x64.ActiveCfg = Debug|Any CPU
		{07A170DD-90C5-46C7-BCEE-C7A6363CAD5D}.Debug|x64.Build.0 = Debug|Any CPU
		{07A170DD-90C5-46C7-BCEE-C7A6363CAD5D}.Debug|x86.ActiveCfg = Debug|Any CPU
		{07A170DD-90C5-46C7-BCEE-C7A6363CAD5D}.Debug|x86.Build.0 = Debug|Any CPU
		{07A170DD-90C5-46C7-BCEE-C7A6363CAD5D}.Release|Any CPU.ActiveCfg = Release|Any CPU
		{07A170DD-90C5-46C7-BCEE-C7A6363CAD5D}.Release|Any CPU.Build.0 = Release|Any CPU
		{07A170DD-90C5-46C7-BCEE-C7A6363CAD5D}.Release|x64.ActiveCfg = Release|x64
		{07A170DD-90C5-46C7-BCEE-C7A6363CAD5D}.Release|x64.Build.0 = Release|x64
		{07A170DD-90C5-46C7-BCEE-C7A6363CAD5D}.Release|x86.ActiveCfg = Release|Any CPU
		{07A170DD-90C5-46C7-BCEE-C7A6363CAD5D}.Release|x86.Build.0 = Release|Any CPU
		{59F481BF-0DE3-4FEC-9512-9FCBEB96F364}.Debug|Any CPU.ActiveCfg = Debug|Any CPU
		{59F481BF-0DE3-4FEC-9512-9FCBEB96F364}.Debug|Any CPU.Build.0 = Debug|Any CPU
		{59F481BF-0DE3-4FEC-9512-9FCBEB96F364}.Debug|x64.ActiveCfg = Debug|Any CPU
		{59F481BF-0DE3-4FEC-9512-9FCBEB96F364}.Debug|x64.Build.0 = Debug|Any CPU
		{59F481BF-0DE3-4FEC-9512-9FCBEB96F364}.Debug|x86.ActiveCfg = Debug|Any CPU
		{59F481BF-0DE3-4FEC-9512-9FCBEB96F364}.Debug|x86.Build.0 = Debug|Any CPU
		{59F481BF-0DE3-4FEC-9512-9FCBEB96F364}.Release|Any CPU.ActiveCfg = Release|Any CPU
		{59F481BF-0DE3-4FEC-9512-9FCBEB96F364}.Release|Any CPU.Build.0 = Release|Any CPU
		{59F481BF-0DE3-4FEC-9512-9FCBEB96F364}.Release|x64.ActiveCfg = Release|x64
		{59F481BF-0DE3-4FEC-9512-9FCBEB96F364}.Release|x64.Build.0 = Release|x64
		{59F481BF-0DE3-4FEC-9512-9FCBEB96F364}.Release|x86.ActiveCfg = Release|Any CPU
		{59F481BF-0DE3-4FEC-9512-9FCBEB96F364}.Release|x86.Build.0 = Release|Any CPU
		{2F2D638D-363B-4BF6-BB44-C206FDFC6E3C}.Debug|Any CPU.ActiveCfg = Debug|Any CPU
		{2F2D638D-363B-4BF6-BB44-C206FDFC6E3C}.Debug|Any CPU.Build.0 = Debug|Any CPU
		{2F2D638D-363B-4BF6-BB44-C206FDFC6E3C}.Debug|x64.ActiveCfg = Debug|Any CPU
		{2F2D638D-363B-4BF6-BB44-C206FDFC6E3C}.Debug|x64.Build.0 = Debug|Any CPU
		{2F2D638D-363B-4BF6-BB44-C206FDFC6E3C}.Debug|x86.ActiveCfg = Debug|Any CPU
		{2F2D638D-363B-4BF6-BB44-C206FDFC6E3C}.Debug|x86.Build.0 = Debug|Any CPU
		{2F2D638D-363B-4BF6-BB44-C206FDFC6E3C}.Release|Any CPU.ActiveCfg = Release|Any CPU
		{2F2D638D-363B-4BF6-BB44-C206FDFC6E3C}.Release|Any CPU.Build.0 = Release|Any CPU
		{2F2D638D-363B-4BF6-BB44-C206FDFC6E3C}.Release|x64.ActiveCfg = Release|x64
		{2F2D638D-363B-4BF6-BB44-C206FDFC6E3C}.Release|x64.Build.0 = Release|x64
		{2F2D638D-363B-4BF6-BB44-C206FDFC6E3C}.Release|x86.ActiveCfg = Release|Any CPU
		{2F2D638D-363B-4BF6-BB44-C206FDFC6E3C}.Release|x86.Build.0 = Release|Any CPU
		{2A851F7B-8772-408D-BFAA-FDAF5D25EAF0}.Debug|Any CPU.ActiveCfg = Debug|Any CPU
		{2A851F7B-8772-408D-BFAA-FDAF5D25EAF0}.Debug|Any CPU.Build.0 = Debug|Any CPU
		{2A851F7B-8772-408D-BFAA-FDAF5D25EAF0}.Debug|x64.ActiveCfg = Debug|Any CPU
		{2A851F7B-8772-408D-BFAA-FDAF5D25EAF0}.Debug|x64.Build.0 = Debug|Any CPU
		{2A851F7B-8772-408D-BFAA-FDAF5D25EAF0}.Debug|x86.ActiveCfg = Debug|x86
		{2A851F7B-8772-408D-BFAA-FDAF5D25EAF0}.Debug|x86.Build.0 = Debug|x86
		{2A851F7B-8772-408D-BFAA-FDAF5D25EAF0}.Release|Any CPU.ActiveCfg = Release|Any CPU
		{2A851F7B-8772-408D-BFAA-FDAF5D25EAF0}.Release|Any CPU.Build.0 = Release|Any CPU
		{2A851F7B-8772-408D-BFAA-FDAF5D25EAF0}.Release|x64.ActiveCfg = Release|x64
		{2A851F7B-8772-408D-BFAA-FDAF5D25EAF0}.Release|x64.Build.0 = Release|x64
		{2A851F7B-8772-408D-BFAA-FDAF5D25EAF0}.Release|x86.ActiveCfg = Release|x86
		{2A851F7B-8772-408D-BFAA-FDAF5D25EAF0}.Release|x86.Build.0 = Release|x86
		{1408AE00-244A-4505-9B5D-9FD0CAD1B07E}.Debug|Any CPU.ActiveCfg = Debug|Any CPU
		{1408AE00-244A-4505-9B5D-9FD0CAD1B07E}.Debug|Any CPU.Build.0 = Debug|Any CPU
		{1408AE00-244A-4505-9B5D-9FD0CAD1B07E}.Debug|x64.ActiveCfg = Debug|Any CPU
		{1408AE00-244A-4505-9B5D-9FD0CAD1B07E}.Debug|x64.Build.0 = Debug|Any CPU
		{1408AE00-244A-4505-9B5D-9FD0CAD1B07E}.Debug|x86.ActiveCfg = Debug|Any CPU
		{1408AE00-244A-4505-9B5D-9FD0CAD1B07E}.Debug|x86.Build.0 = Debug|Any CPU
		{1408AE00-244A-4505-9B5D-9FD0CAD1B07E}.Release|Any CPU.ActiveCfg = Release|Any CPU
		{1408AE00-244A-4505-9B5D-9FD0CAD1B07E}.Release|Any CPU.Build.0 = Release|Any CPU
		{1408AE00-244A-4505-9B5D-9FD0CAD1B07E}.Release|x64.ActiveCfg = Release|Any CPU
		{1408AE00-244A-4505-9B5D-9FD0CAD1B07E}.Release|x64.Build.0 = Release|Any CPU
		{1408AE00-244A-4505-9B5D-9FD0CAD1B07E}.Release|x86.ActiveCfg = Release|Any CPU
		{1408AE00-244A-4505-9B5D-9FD0CAD1B07E}.Release|x86.Build.0 = Release|Any CPU
		{502F7539-1B25-4AC2-9346-C4755A73DF54}.Debug|Any CPU.ActiveCfg = Debug|Any CPU
		{502F7539-1B25-4AC2-9346-C4755A73DF54}.Debug|Any CPU.Build.0 = Debug|Any CPU
		{502F7539-1B25-4AC2-9346-C4755A73DF54}.Debug|x64.ActiveCfg = Debug|Any CPU
		{502F7539-1B25-4AC2-9346-C4755A73DF54}.Debug|x64.Build.0 = Debug|Any CPU
		{502F7539-1B25-4AC2-9346-C4755A73DF54}.Debug|x86.ActiveCfg = Debug|Any CPU
		{502F7539-1B25-4AC2-9346-C4755A73DF54}.Debug|x86.Build.0 = Debug|Any CPU
		{502F7539-1B25-4AC2-9346-C4755A73DF54}.Release|Any CPU.ActiveCfg = Release|Any CPU
		{502F7539-1B25-4AC2-9346-C4755A73DF54}.Release|Any CPU.Build.0 = Release|Any CPU
		{502F7539-1B25-4AC2-9346-C4755A73DF54}.Release|x64.ActiveCfg = Release|Any CPU
		{502F7539-1B25-4AC2-9346-C4755A73DF54}.Release|x64.Build.0 = Release|Any CPU
		{502F7539-1B25-4AC2-9346-C4755A73DF54}.Release|x86.ActiveCfg = Release|Any CPU
		{502F7539-1B25-4AC2-9346-C4755A73DF54}.Release|x86.Build.0 = Release|Any CPU
	EndGlobalSection
	GlobalSection(SolutionProperties) = preSolution
		HideSolutionNode = FALSE
	EndGlobalSection
	GlobalSection(ExtensibilityGlobals) = postSolution
		SolutionGuid = {2962A2A0-4FD7-4BE7-B7AD-1FBAA7321E74}
	EndGlobalSection
EndGlobal
